
Microsoft Visual Studio Solution File, Format Version 12.00
# Visual Studio 2013
VisualStudioVersion = 12.0.30723.0
MinimumVisualStudioVersion = 10.0.40219.1
Project("{FAE04EC0-301F-11D3-BF4B-00C04F79EFBC}") = "Prop", "Prop\Prop.csproj", "{38E49014-1642-45EE-BDD2-08F12209A2D4}"
EndProject
Project("{2150E333-8FDC-42A3-9474-1A3956D46DE8}") = "Client", "Client", "{D75CCF5D-819C-4C0C-A53B-6D7A2B4670F8}"
EndProject
Project("{2150E333-8FDC-42A3-9474-1A3956D46DE8}") = "Server", "Server", "{6A634ED3-92CC-44CD-8F3C-173B3BBE2DEC}"
EndProject
Project("{FAE04EC0-301F-11D3-BF4B-00C04F79EFBC}") = "UI", "UI\UI.csproj", "{619912A3-B8BE-4BFE-B85B-C7C30889BFA4}"
EndProject
Global
	GlobalSection(SolutionConfigurationPlatforms) = preSolution
		Debug|Any CPU = Debug|Any CPU
		Release|Any CPU = Release|Any CPU
	EndGlobalSection
	GlobalSection(ProjectConfigurationPlatforms) = postSolution
		{38E49014-1642-45EE-BDD2-08F12209A2D4}.Debug|Any CPU.ActiveCfg = Debug|Any CPU
		{38E49014-1642-45EE-BDD2-08F12209A2D4}.Debug|Any CPU.Build.0 = Debug|Any CPU
		{38E49014-1642-45EE-BDD2-08F12209A2D4}.Release|Any CPU.ActiveCfg = Release|Any CPU
		{38E49014-1642-45EE-BDD2-08F12209A2D4}.Release|Any CPU.Build.0 = Release|Any CPU
		{619912A3-B8BE-4BFE-B85B-C7C30889BFA4}.Debug|Any CPU.ActiveCfg = Debug|Any CPU
		{619912A3-B8BE-4BFE-B85B-C7C30889BFA4}.Debug|Any CPU.Build.0 = Debug|Any CPU
		{619912A3-B8BE-4BFE-B85B-C7C30889BFA4}.Release|Any CPU.ActiveCfg = Release|Any CPU
		{619912A3-B8BE-4BFE-B85B-C7C30889BFA4}.Release|Any CPU.Build.0 = Release|Any CPU
	EndGlobalSection
	GlobalSection(SolutionProperties) = preSolution
		HideSolutionNode = FALSE
	EndGlobalSection
	GlobalSection(NestedProjects) = preSolution
		{619912A3-B8BE-4BFE-B85B-C7C30889BFA4} = {D75CCF5D-819C-4C0C-A53B-6D7A2B4670F8}
	EndGlobalSection
EndGlobal
