
Microsoft Visual Studio Solution File, Format Version 12.00
# Visual Studio 2013
VisualStudioVersion = 12.0.30723.0
MinimumVisualStudioVersion = 10.0.40219.1
Project("{FAE04EC0-301F-11D3-BF4B-00C04F79EFBC}") = "Prop", "Prop\Prop.csproj", "{38E49014-1642-45EE-BDD2-08F12209A2D4}"
EndProject
Project("{2150E333-8FDC-42A3-9474-1A3956D46DE8}") = "Client", "Client", "{D75CCF5D-819C-4C0C-A53B-6D7A2B4670F8}"
EndProject
Project("{2150E333-8FDC-42A3-9474-1A3956D46DE8}") = "Server", "Server", "{6A634ED3-92CC-44CD-8F3C-173B3BBE2DEC}"
EndProject
Project("{FAE04EC0-301F-11D3-BF4B-00C04F79EFBC}") = "UI", "UI\UI.csproj", "{619912A3-B8BE-4BFE-B85B-C7C30889BFA4}"
EndProject
Project("{FAE04EC0-301F-11D3-BF4B-00C04F79EFBC}") = "Melyon", "Melyon\Melyon.csproj", "{9956C9DC-3742-4F9C-8889-2BF944203554}"
EndProject
Project("{FAE04EC0-301F-11D3-BF4B-00C04F79EFBC}") = "Melyon.Services.UI", "Melyon.Services.UI\Melyon.Services.UI.csproj", "{C3B7949A-5113-43C4-BB50-721D5E09B5E8}"
EndProject
Project("{2150E333-8FDC-42A3-9474-1A3956D46DE8}") = "Foundation", "Foundation", "{F551B15C-D9C9-49A8-BB1C-CD50D15A6715}"
EndProject
Project("{FAE04EC0-301F-11D3-BF4B-00C04F79EFBC}") = "Foundation.Common", "Foundation.Common\Foundation.Common.csproj", "{17BA3C32-3289-492E-8939-A21C2B08E193}"
EndProject
Project("{FAE04EC0-301F-11D3-BF4B-00C04F79EFBC}") = "Foundation.Resources", "Foundation.Resources\Foundation.Resources.csproj", "{7510A188-29EE-4F19-8CB4-FD31C3098A1F}"
EndProject
Project("{FAE04EC0-301F-11D3-BF4B-00C04F79EFBC}") = "Melyon.Resources", "Melyon.Resources\Melyon.Resources.csproj", "{1394ECCB-64A9-4A37-BA0D-BFE2D214FABD}"
EndProject
Global
	GlobalSection(SolutionConfigurationPlatforms) = preSolution
		Debug|Any CPU = Debug|Any CPU
		Release|Any CPU = Release|Any CPU
	EndGlobalSection
	GlobalSection(ProjectConfigurationPlatforms) = postSolution
		{38E49014-1642-45EE-BDD2-08F12209A2D4}.Debug|Any CPU.ActiveCfg = Debug|Any CPU
		{38E49014-1642-45EE-BDD2-08F12209A2D4}.Debug|Any CPU.Build.0 = Debug|Any CPU
		{38E49014-1642-45EE-BDD2-08F12209A2D4}.Release|Any CPU.ActiveCfg = Release|Any CPU
		{38E49014-1642-45EE-BDD2-08F12209A2D4}.Release|Any CPU.Build.0 = Release|Any CPU
		{619912A3-B8BE-4BFE-B85B-C7C30889BFA4}.Debug|Any CPU.ActiveCfg = Debug|Any CPU
		{619912A3-B8BE-4BFE-B85B-C7C30889BFA4}.Debug|Any CPU.Build.0 = Debug|Any CPU
		{619912A3-B8BE-4BFE-B85B-C7C30889BFA4}.Release|Any CPU.ActiveCfg = Release|Any CPU
		{619912A3-B8BE-4BFE-B85B-C7C30889BFA4}.Release|Any CPU.Build.0 = Release|Any CPU
		{9956C9DC-3742-4F9C-8889-2BF944203554}.Debug|Any CPU.ActiveCfg = Debug|Any CPU
		{9956C9DC-3742-4F9C-8889-2BF944203554}.Debug|Any CPU.Build.0 = Debug|Any CPU
		{9956C9DC-3742-4F9C-8889-2BF944203554}.Release|Any CPU.ActiveCfg = Release|Any CPU
		{9956C9DC-3742-4F9C-8889-2BF944203554}.Release|Any CPU.Build.0 = Release|Any CPU
		{C3B7949A-5113-43C4-BB50-721D5E09B5E8}.Debug|Any CPU.ActiveCfg = Debug|Any CPU
		{C3B7949A-5113-43C4-BB50-721D5E09B5E8}.Debug|Any CPU.Build.0 = Debug|Any CPU
		{C3B7949A-5113-43C4-BB50-721D5E09B5E8}.Release|Any CPU.ActiveCfg = Release|Any CPU
		{C3B7949A-5113-43C4-BB50-721D5E09B5E8}.Release|Any CPU.Build.0 = Release|Any CPU
		{17BA3C32-3289-492E-8939-A21C2B08E193}.Debug|Any CPU.ActiveCfg = Debug|Any CPU
		{17BA3C32-3289-492E-8939-A21C2B08E193}.Debug|Any CPU.Build.0 = Debug|Any CPU
		{17BA3C32-3289-492E-8939-A21C2B08E193}.Release|Any CPU.ActiveCfg = Release|Any CPU
		{17BA3C32-3289-492E-8939-A21C2B08E193}.Release|Any CPU.Build.0 = Release|Any CPU
		{7510A188-29EE-4F19-8CB4-FD31C3098A1F}.Debug|Any CPU.ActiveCfg = Debug|Any CPU
		{7510A188-29EE-4F19-8CB4-FD31C3098A1F}.Debug|Any CPU.Build.0 = Debug|Any CPU
		{7510A188-29EE-4F19-8CB4-FD31C3098A1F}.Release|Any CPU.ActiveCfg = Release|Any CPU
		{7510A188-29EE-4F19-8CB4-FD31C3098A1F}.Release|Any CPU.Build.0 = Release|Any CPU
		{1394ECCB-64A9-4A37-BA0D-BFE2D214FABD}.Debug|Any CPU.ActiveCfg = Debug|Any CPU
		{1394ECCB-64A9-4A37-BA0D-BFE2D214FABD}.Debug|Any CPU.Build.0 = Debug|Any CPU
		{1394ECCB-64A9-4A37-BA0D-BFE2D214FABD}.Release|Any CPU.ActiveCfg = Release|Any CPU
		{1394ECCB-64A9-4A37-BA0D-BFE2D214FABD}.Release|Any CPU.Build.0 = Release|Any CPU
	EndGlobalSection
	GlobalSection(SolutionProperties) = preSolution
		HideSolutionNode = FALSE
	EndGlobalSection
	GlobalSection(NestedProjects) = preSolution
		{619912A3-B8BE-4BFE-B85B-C7C30889BFA4} = {D75CCF5D-819C-4C0C-A53B-6D7A2B4670F8}
		{9956C9DC-3742-4F9C-8889-2BF944203554} = {D75CCF5D-819C-4C0C-A53B-6D7A2B4670F8}
		{C3B7949A-5113-43C4-BB50-721D5E09B5E8} = {6A634ED3-92CC-44CD-8F3C-173B3BBE2DEC}
		{F551B15C-D9C9-49A8-BB1C-CD50D15A6715} = {6A634ED3-92CC-44CD-8F3C-173B3BBE2DEC}
		{17BA3C32-3289-492E-8939-A21C2B08E193} = {F551B15C-D9C9-49A8-BB1C-CD50D15A6715}
		{7510A188-29EE-4F19-8CB4-FD31C3098A1F} = {F551B15C-D9C9-49A8-BB1C-CD50D15A6715}
		{1394ECCB-64A9-4A37-BA0D-BFE2D214FABD} = {6A634ED3-92CC-44CD-8F3C-173B3BBE2DEC}
	EndGlobalSection
EndGlobal
